<?xml version="1.0" encoding="utf-8"?>
<Project ToolsVersion="4.0" xmlns="http://schemas.microsoft.com/developer/msbuild/2003">
  <ItemGroup>
    <Filter Include="소스 파일">
      <UniqueIdentifier>{4FC737F1-C7A5-4376-A066-2A32D752A2FF}</UniqueIdentifier>
      <Extensions>cpp;c;cc;cxx;c++;cppm;ixx;def;odl;idl;hpj;bat;asm;asmx</Extensions>
    </Filter>
    <Filter Include="헤더 파일">
      <UniqueIdentifier>{93995380-89BD-4b04-88EB-625FBE52EBFB}</UniqueIdentifier>
      <Extensions>h;hh;hpp;hxx;h++;hm;inl;inc;ipp;xsd</Extensions>
    </Filter>
    <Filter Include="리소스 파일">
      <UniqueIdentifier>{67DA6AB6-F800-4c08-8B7A-83BB121AAD01}</UniqueIdentifier>
      <Extensions>rc;ico;cur;bmp;dlg;rc2;rct;bin;rgs;gif;jpg;jpeg;jpe;resx;tiff;tif;png;wav;mfcribbon-ms</Extensions>
    </Filter>
    <Filter Include="헤더 파일\front_end">
      <UniqueIdentifier>{65a6677c-b0f5-4812-ba40-beb632503055}</UniqueIdentifier>
    </Filter>
    <Filter Include="소스 파일\front_end">
      <UniqueIdentifier>{68460fa6-9a30-414a-9343-e2b760feb1c4}</UniqueIdentifier>
    </Filter>
    <Filter Include="소스 파일\back_end">
      <UniqueIdentifier>{fa0332d5-f85f-4417-b360-797193fffdd2}</UniqueIdentifier>
    </Filter>
    <Filter Include="헤더 파일\back_end">
      <UniqueIdentifier>{37f11e38-c3cd-4a90-8087-200ad784925b}</UniqueIdentifier>
    </Filter>
    <Filter Include="헤더 파일\run">
      <UniqueIdentifier>{1127a394-95cb-48f0-af14-f4a4b2d1d50a}</UniqueIdentifier>
    </Filter>
    <Filter Include="소스 파일\run">
      <UniqueIdentifier>{e359c797-9eea-48c8-9075-539a32f67aa8}</UniqueIdentifier>
    </Filter>
  </ItemGroup>
  <ItemGroup>
    <ClCompile Include="Compiler1.cpp">
      <Filter>소스 파일</Filter>
    </ClCompile>
    <ClCompile Include="CharReader.cpp">
      <Filter>소스 파일\front_end</Filter>
    </ClCompile>
    <ClCompile Include="LexialAnalyzer.cpp">
      <Filter>소스 파일\front_end</Filter>
    </ClCompile>
    <ClCompile Include="Parser.cpp">
      <Filter>소스 파일\front_end</Filter>
    </ClCompile>
    <ClCompile Include="ParseTreeComponents.cpp">
      <Filter>소스 파일\front_end</Filter>
    </ClCompile>
    <ClCompile Include="Token.cpp">
      <Filter>소스 파일\front_end</Filter>
    </ClCompile>
    <ClCompile Include="StackVarMamager.cpp">
      <Filter>소스 파일\back_end</Filter>
    </ClCompile>
    <ClCompile Include="Instructor.cpp">
      <Filter>소스 파일\back_end</Filter>
    </ClCompile>
    <ClCompile Include="Interpreter.cpp">
      <Filter>소스 파일\run</Filter>
    </ClCompile>
    <ClCompile Include="VMemoryPool.cpp">
      <Filter>소스 파일\run</Filter>
    </ClCompile>
    <ClCompile Include="LabelManager.cpp">
      <Filter>소스 파일\back_end</Filter>
    </ClCompile>
    <ClCompile Include="InstructedProgram.cpp">
      <Filter>소스 파일\back_end</Filter>
    </ClCompile>
    <ClCompile Include="ByteCode.cpp">
      <Filter>소스 파일\back_end</Filter>
    </ClCompile>
  </ItemGroup>
  <ItemGroup>
    <ClInclude Include="CharReader.h">
      <Filter>헤더 파일\front_end</Filter>
    </ClInclude>
    <ClInclude Include="LexialAnalyzer.h">
      <Filter>헤더 파일\front_end</Filter>
    </ClInclude>
    <ClInclude Include="Parser.h">
      <Filter>헤더 파일\front_end</Filter>
    </ClInclude>
    <ClInclude Include="ParseTreeComponents.h">
      <Filter>헤더 파일\front_end</Filter>
    </ClInclude>
    <ClInclude Include="Token.h">
      <Filter>헤더 파일\front_end</Filter>
    </ClInclude>
    <ClInclude Include="UtilChar.h">
      <Filter>헤더 파일\front_end</Filter>
    </ClInclude>
    <ClInclude Include="StackVarMamager.h">
      <Filter>헤더 파일\back_end</Filter>
    </ClInclude>
    <ClInclude Include="Instructor.h">
      <Filter>헤더 파일\back_end</Filter>
    </ClInclude>
    <ClInclude Include="Interpreter.h">
      <Filter>헤더 파일\run</Filter>
    </ClInclude>
    <ClInclude Include="VMemoryPool.h">
      <Filter>헤더 파일\run</Filter>
    </ClInclude>
    <ClInclude Include="LabelManager.h">
      <Filter>헤더 파일\back_end</Filter>
    </ClInclude>
    <ClInclude Include="InstructedProgram.h">
      <Filter>헤더 파일\back_end</Filter>
    </ClInclude>
    <ClInclude Include="EnumOperation.h">
      <Filter>헤더 파일\back_end</Filter>
    </ClInclude>
    <ClInclude Include="ByteCode.h">
      <Filter>헤더 파일\back_end</Filter>
    </ClInclude>
  </ItemGroup>
  <ItemGroup>
    <Text Include="Language Rule.txt">
      <Filter>리소스 파일</Filter>
    </Text>
    <Text Include="target_byte_code.txt">
      <Filter>리소스 파일</Filter>
    </Text>
    <Text Include="dev_log.txt">
      <Filter>리소스 파일</Filter>
    </Text>
  </ItemGroup>
</Project>